
Microsoft Visual Studio Solution File, Format Version 12.00
Project("{FAE04EC0-301F-11D3-BF4B-00C04F79EFBC}") = "QuipVidControllers", "QuipVidControllers\QuipVidControllers.csproj", "{86877E01-DF84-4385-ABDC-128986C67D46}"
EndProject
Project("{FAE04EC0-301F-11D3-BF4B-00C04F79EFBC}") = "QuipVidApiEndpoints", "QuipVidApiEndpoints\QuipVidApiEndpoints.csproj", "{FDF0C53C-B13B-461A-A685-E2C6E8303F60}"
EndProject
Project("{FAE04EC0-301F-11D3-BF4B-00C04F79EFBC}") = "QuipVid.Core", "QuipVid.Core\QuipVid.Core.csproj", "{BE988CCC-ED83-4505-A5A6-E9D6F9DFB51C}"
EndProject
Global
	GlobalSection(SolutionConfigurationPlatforms) = preSolution
		Debug|Any CPU = Debug|Any CPU
		Release|Any CPU = Release|Any CPU
	EndGlobalSection
	GlobalSection(ProjectConfigurationPlatforms) = postSolution
		{86877E01-DF84-4385-ABDC-128986C67D46}.Debug|Any CPU.ActiveCfg = Debug|Any CPU
		{86877E01-DF84-4385-ABDC-128986C67D46}.Debug|Any CPU.Build.0 = Debug|Any CPU
		{86877E01-DF84-4385-ABDC-128986C67D46}.Release|Any CPU.ActiveCfg = Release|Any CPU
		{86877E01-DF84-4385-ABDC-128986C67D46}.Release|Any CPU.Build.0 = Release|Any CPU
		{FDF0C53C-B13B-461A-A685-E2C6E8303F60}.Debug|Any CPU.ActiveCfg = Debug|Any CPU
		{FDF0C53C-B13B-461A-A685-E2C6E8303F60}.Debug|Any CPU.Build.0 = Debug|Any CPU
		{FDF0C53C-B13B-461A-A685-E2C6E8303F60}.Release|Any CPU.ActiveCfg = Release|Any CPU
		{FDF0C53C-B13B-461A-A685-E2C6E8303F60}.Release|Any CPU.Build.0 = Release|Any CPU
		{BE988CCC-ED83-4505-A5A6-E9D6F9DFB51C}.Debug|Any CPU.ActiveCfg = Debug|Any CPU
		{BE988CCC-ED83-4505-A5A6-E9D6F9DFB51C}.Debug|Any CPU.Build.0 = Debug|Any CPU
		{BE988CCC-ED83-4505-A5A6-E9D6F9DFB51C}.Release|Any CPU.ActiveCfg = Release|Any CPU
		{BE988CCC-ED83-4505-A5A6-E9D6F9DFB51C}.Release|Any CPU.Build.0 = Release|Any CPU
	EndGlobalSection
EndGlobal
